{
  "name": "svm",
  "lockfileVersion": 2,
  "requires": true,
  "packages": {
    "": {
      "dependencies": {
        "siimple": "^3.3.1"
      }
    },
    "node_modules/siimple": {
      "version": "3.3.1",
      "resolved": "https://registry.npmjs.org/siimple/-/siimple-3.3.1.tgz",
      "integrity": "sha512-twLAzgtL74sE1fs7GSzdud6zKRGPFe/vTA/SH8YtWtr/gYjNDhozrr0yItoMtM1TMbhPPfS3x5mQ3WSSBcv/yA=="
    }
  },
  "dependencies": {
    "siimple": {
      "version": "3.3.1",
      "resolved": "https://registry.npmjs.org/siimple/-/siimple-3.3.1.tgz",
      "integrity": "sha512-twLAzgtL74sE1fs7GSzdud6zKRGPFe/vTA/SH8YtWtr/gYjNDhozrr0yItoMtM1TMbhPPfS3x5mQ3WSSBcv/yA=="
    }
  }
}
